
Microsoft Visual Studio Solution File, Format Version 12.00
# Visual Studio Version 17
VisualStudioVersion = 17.2.32616.157
MinimumVisualStudioVersion = 10.0.40219.1
Project("{9A19103F-16F7-4668-BE54-9A1E7A4F7556}") = "Ueb11a_Strassenverkehrsamt", "Ueb11a_Strassenverkehrsamt\Ueb11a_Strassenverkehrsamt.csproj", "{9FF0A9F7-0DE9-4019-ACD8-CCB30DE5EA22}"
EndProject
Project("{FAE04EC0-301F-11D3-BF4B-00C04F79EFBC}") = "Ueb11a_StrassenverkehrsamtTest", "Ueb11a_StrassenverkehrsamtTest\Ueb11a_StrassenverkehrsamtTest.csproj", "{42886F8F-96AA-4AFB-B307-46AEEC1535D2}"
EndProject
Global
	GlobalSection(SolutionConfigurationPlatforms) = preSolution
		Debug|Any CPU = Debug|Any CPU
		Release|Any CPU = Release|Any CPU
	EndGlobalSection
	GlobalSection(ProjectConfigurationPlatforms) = postSolution
		{9FF0A9F7-0DE9-4019-ACD8-CCB30DE5EA22}.Debug|Any CPU.ActiveCfg = Debug|Any CPU
		{9FF0A9F7-0DE9-4019-ACD8-CCB30DE5EA22}.Debug|Any CPU.Build.0 = Debug|Any CPU
		{9FF0A9F7-0DE9-4019-ACD8-CCB30DE5EA22}.Release|Any CPU.ActiveCfg = Release|Any CPU
		{9FF0A9F7-0DE9-4019-ACD8-CCB30DE5EA22}.Release|Any CPU.Build.0 = Release|Any CPU
		{42886F8F-96AA-4AFB-B307-46AEEC1535D2}.Debug|Any CPU.ActiveCfg = Debug|Any CPU
		{42886F8F-96AA-4AFB-B307-46AEEC1535D2}.Debug|Any CPU.Build.0 = Debug|Any CPU
		{42886F8F-96AA-4AFB-B307-46AEEC1535D2}.Release|Any CPU.ActiveCfg = Release|Any CPU
		{42886F8F-96AA-4AFB-B307-46AEEC1535D2}.Release|Any CPU.Build.0 = Release|Any CPU
	EndGlobalSection
	GlobalSection(SolutionProperties) = preSolution
		HideSolutionNode = FALSE
	EndGlobalSection
	GlobalSection(ExtensibilityGlobals) = postSolution
		SolutionGuid = {F26269F4-35EC-426D-9AF3-ACC4D4AB3765}
	EndGlobalSection
EndGlobal
